
Microsoft Visual Studio Solution File, Format Version 12.00
# Visual Studio Version 16
VisualStudioVersion = 16.0.30011.22
MinimumVisualStudioVersion = 10.0.40219.1
Project("{9A19103F-16F7-4668-BE54-9A1E7A4F7556}") = "WebApp", "WebApp\WebApp.csproj", "{7C462DB9-B1A9-4EEF-AFB5-79A5A16F146E}"
EndProject
Project("{2150E333-8FDC-42A3-9474-1A3956D46DE8}") = "TParty", "TParty", "{384C575F-B50E-454E-927D-F083A744D22B}"
	ProjectSection(SolutionItems) = preProject
		TParty\Framework.dll = TParty\Framework.dll
		TParty\Radyn.dll = TParty\Radyn.dll
		TParty\Radyn.Utility.dll = TParty\Radyn.Utility.dll
		TParty\Radyn.Utility.resources.dll = TParty\Radyn.Utility.resources.dll
	EndProjectSection
EndProject
Project("{9A19103F-16F7-4668-BE54-9A1E7A4F7556}") = "DataStructure", "DataStructure\DataStructure.csproj", "{1364B475-ED1C-4D08-BBB4-62C9C98F46D5}"
EndProject
Project("{9A19103F-16F7-4668-BE54-9A1E7A4F7556}") = "DataAccess", "DataAccess\DataAccess.csproj", "{F634F20B-0149-4E70-8014-A9A3100F72C7}"
EndProject
Project("{9A19103F-16F7-4668-BE54-9A1E7A4F7556}") = "Services", "Services\Services.csproj", "{CFF2A8FA-3DCB-47CB-83E7-249E16AE37CC}"
EndProject
Project("{2150E333-8FDC-42A3-9474-1A3956D46DE8}") = "Scripts", "Scripts", "{CA60DA48-0F99-44CC-9F5B-1DD150F367C8}"
	ProjectSection(SolutionItems) = preProject
		Scripts\20200612.sql = Scripts\20200612.sql
		Scripts\20200614.sql = Scripts\20200614.sql
		Scripts\20200615.sql = Scripts\20200615.sql
		Scripts\20200625.sql = Scripts\20200625.sql
	EndProjectSection
EndProject
Global
	GlobalSection(SolutionConfigurationPlatforms) = preSolution
		Debug|Any CPU = Debug|Any CPU
		Release|Any CPU = Release|Any CPU
	EndGlobalSection
	GlobalSection(ProjectConfigurationPlatforms) = postSolution
		{7C462DB9-B1A9-4EEF-AFB5-79A5A16F146E}.Debug|Any CPU.ActiveCfg = Debug|Any CPU
		{7C462DB9-B1A9-4EEF-AFB5-79A5A16F146E}.Debug|Any CPU.Build.0 = Debug|Any CPU
		{7C462DB9-B1A9-4EEF-AFB5-79A5A16F146E}.Release|Any CPU.ActiveCfg = Release|Any CPU
		{7C462DB9-B1A9-4EEF-AFB5-79A5A16F146E}.Release|Any CPU.Build.0 = Release|Any CPU
		{1364B475-ED1C-4D08-BBB4-62C9C98F46D5}.Debug|Any CPU.ActiveCfg = Debug|Any CPU
		{1364B475-ED1C-4D08-BBB4-62C9C98F46D5}.Debug|Any CPU.Build.0 = Debug|Any CPU
		{1364B475-ED1C-4D08-BBB4-62C9C98F46D5}.Release|Any CPU.ActiveCfg = Release|Any CPU
		{1364B475-ED1C-4D08-BBB4-62C9C98F46D5}.Release|Any CPU.Build.0 = Release|Any CPU
		{F634F20B-0149-4E70-8014-A9A3100F72C7}.Debug|Any CPU.ActiveCfg = Debug|Any CPU
		{F634F20B-0149-4E70-8014-A9A3100F72C7}.Debug|Any CPU.Build.0 = Debug|Any CPU
		{F634F20B-0149-4E70-8014-A9A3100F72C7}.Release|Any CPU.ActiveCfg = Release|Any CPU
		{F634F20B-0149-4E70-8014-A9A3100F72C7}.Release|Any CPU.Build.0 = Release|Any CPU
		{CFF2A8FA-3DCB-47CB-83E7-249E16AE37CC}.Debug|Any CPU.ActiveCfg = Debug|Any CPU
		{CFF2A8FA-3DCB-47CB-83E7-249E16AE37CC}.Debug|Any CPU.Build.0 = Debug|Any CPU
		{CFF2A8FA-3DCB-47CB-83E7-249E16AE37CC}.Release|Any CPU.ActiveCfg = Release|Any CPU
		{CFF2A8FA-3DCB-47CB-83E7-249E16AE37CC}.Release|Any CPU.Build.0 = Release|Any CPU
	EndGlobalSection
	GlobalSection(SolutionProperties) = preSolution
		HideSolutionNode = FALSE
	EndGlobalSection
	GlobalSection(ExtensibilityGlobals) = postSolution
		SolutionGuid = {2E5D7EEF-AC61-4B1C-94A3-26AF69D98AE8}
	EndGlobalSection
EndGlobal
